
Microsoft Visual Studio Solution File, Format Version 12.00
# Visual Studio Version 16
VisualStudioVersion = 16.0.31624.102
MinimumVisualStudioVersion = 10.0.40219.1
Project("{FAE04EC0-301F-11D3-BF4B-00C04F79EFBC}") = "ClipboardTurbo", "ClipboardTurbo\ClipboardTurbo.csproj", "{EFE4C4C7-022A-42EC-AC1D-AD4B6F2823D2}"
EndProject
Global
	GlobalSection(SolutionConfigurationPlatforms) = preSolution
		Debug|Any CPU = Debug|Any CPU
		Release|Any CPU = Release|Any CPU
	EndGlobalSection
	GlobalSection(ProjectConfigurationPlatforms) = postSolution
		{EFE4C4C7-022A-42EC-AC1D-AD4B6F2823D2}.Debug|Any CPU.ActiveCfg = Debug|Any CPU
		{EFE4C4C7-022A-42EC-AC1D-AD4B6F2823D2}.Debug|Any CPU.Build.0 = Debug|Any CPU
		{EFE4C4C7-022A-42EC-AC1D-AD4B6F2823D2}.Release|Any CPU.ActiveCfg = Release|Any CPU
		{EFE4C4C7-022A-42EC-AC1D-AD4B6F2823D2}.Release|Any CPU.Build.0 = Release|Any CPU
	EndGlobalSection
	GlobalSection(SolutionProperties) = preSolution
		HideSolutionNode = FALSE
	EndGlobalSection
	GlobalSection(ExtensibilityGlobals) = postSolution
		SolutionGuid = {D16273D5-BC5B-4DE7-B68F-447DD76DFDC6}
	EndGlobalSection
EndGlobal
